
Microsoft Visual Studio Solution File, Format Version 12.00
# Visual Studio Version 17
VisualStudioVersion = 17.8.34330.188
MinimumVisualStudioVersion = 10.0.40219.1
Project("{FAE04EC0-301F-11D3-BF4B-00C04F79EFBC}") = "Text2Diagram-Backend", "Text2Diagram-Backend\Text2Diagram-Backend.csproj", "{9954077A-FD82-4BEE-BCF5-080C731E229F}"
EndProject
Global
	GlobalSection(SolutionConfigurationPlatforms) = preSolution
		Debug|Any CPU = Debug|Any CPU
		Release|Any CPU = Release|Any CPU
	EndGlobalSection
	GlobalSection(ProjectConfigurationPlatforms) = postSolution
		{9954077A-FD82-4BEE-BCF5-080C731E229F}.Debug|Any CPU.ActiveCfg = Debug|Any CPU
		{9954077A-FD82-4BEE-BCF5-080C731E229F}.Debug|Any CPU.Build.0 = Debug|Any CPU
		{9954077A-FD82-4BEE-BCF5-080C731E229F}.Release|Any CPU.ActiveCfg = Release|Any CPU
		{9954077A-FD82-4BEE-BCF5-080C731E229F}.Release|Any CPU.Build.0 = Release|Any CPU
	EndGlobalSection
	GlobalSection(SolutionProperties) = preSolution
		HideSolutionNode = FALSE
	EndGlobalSection
	GlobalSection(ExtensibilityGlobals) = postSolution
		SolutionGuid = {4EF817FC-B404-4771-B5C0-751DF236D4F4}
	EndGlobalSection
EndGlobal
